
Microsoft Visual Studio Solution File, Format Version 12.00
# Visual Studio Version 16
VisualStudioVersion = 16.0.32106.194
MinimumVisualStudioVersion = 10.0.40219.1
Project("{FAE04EC0-301F-11D3-BF4B-00C04F79EFBC}") = "MVCRecap", "MVCRecap\MVCRecap.csproj", "{DA9058EB-B44A-416C-A06A-19BC50244C32}"
EndProject
Global
	GlobalSection(SolutionConfigurationPlatforms) = preSolution
		Debug|Any CPU = Debug|Any CPU
		Release|Any CPU = Release|Any CPU
	EndGlobalSection
	GlobalSection(ProjectConfigurationPlatforms) = postSolution
		{DA9058EB-B44A-416C-A06A-19BC50244C32}.Debug|Any CPU.ActiveCfg = Debug|Any CPU
		{DA9058EB-B44A-416C-A06A-19BC50244C32}.Debug|Any CPU.Build.0 = Debug|Any CPU
		{DA9058EB-B44A-416C-A06A-19BC50244C32}.Release|Any CPU.ActiveCfg = Release|Any CPU
		{DA9058EB-B44A-416C-A06A-19BC50244C32}.Release|Any CPU.Build.0 = Release|Any CPU
	EndGlobalSection
	GlobalSection(SolutionProperties) = preSolution
		HideSolutionNode = FALSE
	EndGlobalSection
	GlobalSection(ExtensibilityGlobals) = postSolution
		SolutionGuid = {C568ABAD-0734-4495-9108-2ABD1A1E75DF}
	EndGlobalSection
EndGlobal
